// !$*UTF8*$!
{
	archiveVersion = 1;
	classes = {
	};
	objectVersion = 55;
	objects = {

/* Begin PBXBuildFile section */
		8E59585927865BEB0065E131 /* StartController.swift in Sources */ = {isa = PBXBuildFile; fileRef = 8E59585827865BEB0065E131 /* StartController.swift */; };
		8E59585B278664CA0065E131 /* ProgressBar.swift in Sources */ = {isa = PBXBuildFile; fileRef = 8E59585A278664CA0065E131 /* ProgressBar.swift */; };
		8E59585D278668B80065E131 /* FinalController.swift in Sources */ = {isa = PBXBuildFile; fileRef = 8E59585C278668B80065E131 /* FinalController.swift */; };
		8EAD4A48271FBCCD00F7324D /* AppDelegate.swift in Sources */ = {isa = PBXBuildFile; fileRef = 8EAD4A47271FBCCD00F7324D /* AppDelegate.swift */; };
		8EAD4A4A271FBCCD00F7324D /* SceneDelegate.swift in Sources */ = {isa = PBXBuildFile; fileRef = 8EAD4A49271FBCCD00F7324D /* SceneDelegate.swift */; };
		8EAD4A4C271FBCCD00F7324D /* ViewController.swift in Sources */ = {isa = PBXBuildFile; fileRef = 8EAD4A4B271FBCCD00F7324D /* ViewController.swift */; };
		8EAD4A4F271FBCCD00F7324D /* Main.storyboard in Resources */ = {isa = PBXBuildFile; fileRef = 8EAD4A4D271FBCCD00F7324D /* Main.storyboard */; };
		8EAD4A51271FBCCF00F7324D /* Assets.xcassets in Resources */ = {isa = PBXBuildFile; fileRef = 8EAD4A50271FBCCF00F7324D /* Assets.xcassets */; };
		8EAD4A54271FBCCF00F7324D /* LaunchScreen.storyboard in Resources */ = {isa = PBXBuildFile; fileRef = 8EAD4A52271FBCCF00F7324D /* LaunchScreen.storyboard */; };
/* End PBXBuildFile section */

/* Begin PBXFileReference section */
		8E59585827865BEB0065E131 /* StartController.swift */ = {isa = PBXFileReference; lastKnownFileType = sourcecode.swift; path = StartController.swift; sourceTree = "<group>"; };
		8E59585A278664CA0065E131 /* ProgressBar.swift */ = {isa = PBXFileReference; lastKnownFileType = sourcecode.swift; path = ProgressBar.swift; sourceTree = "<group>"; };
		8E59585C278668B80065E131 /* FinalController.swift */ = {isa = PBXFileReference; lastKnownFileType = sourcecode.swift; path = FinalController.swift; sourceTree = "<group>"; };
		8EAD4A44271FBCCD00F7324D /* mama.app */ = {isa = PBXFileReference; explicitFileType = wrapper.application; includeInIndex = 0; path = mama.app; sourceTree = BUILT_PRODUCTS_DIR; };
		8EAD4A47271FBCCD00F7324D /* AppDelegate.swift */ = {isa = PBXFileReference; lastKnownFileType = sourcecode.swift; path = AppDelegate.swift; sourceTree = "<group>"; };
		8EAD4A49271FBCCD00F7324D /* SceneDelegate.swift */ = {isa = PBXFileReference; lastKnownFileType = sourcecode.swift; path = SceneDelegate.swift; sourceTree = "<group>"; };
		8EAD4A4B271FBCCD00F7324D /* ViewController.swift */ = {isa = PBXFileReference; lastKnownFileType = sourcecode.swift; path = ViewController.swift; sourceTree = "<group>"; usesTabs = 0; };
		8EAD4A4E271FBCCD00F7324D /* Base */ = {isa = PBXFileReference; lastKnownFileType = file.storyboard; name = Base; path = Base.lproj/Main.storyboard; sourceTree = "<group>"; };
		8EAD4A50271FBCCF00F7324D /* Assets.xcassets */ = {isa = PBXFileReference; lastKnownFileType = folder.assetcatalog; path = Assets.xcassets; sourceTree = "<group>"; };
		8EAD4A53271FBCCF00F7324D /* Base */ = {isa = PBXFileReference; lastKnownFileType = file.storyboard; name = Base; path = Base.lproj/LaunchScreen.storyboard; sourceTree = "<group>"; };
		8EAD4A55271FBCCF00F7324D /* Info.plist */ = {isa = PBXFileReference; lastKnownFileType = text.plist.xml; path = Info.plist; sourceTree = "<group>"; };
/* End PBXFileReference section */

/* Begin PBXFrameworksBuildPhase section */
		8EAD4A41271FBCCD00F7324D /* Frameworks */ = {
			isa = PBXFrameworksBuildPhase;
			buildActionMask = 2147483647;
			files = (
			);
			runOnlyForDeploymentPostprocessing = 0;
		};
/* End PBXFrameworksBuildPhase section */

/* Begin PBXGroup section */
		8EAD4A3B271FBCCD00F7324D = {
			isa = PBXGroup;
			children = (
				8EAD4A46271FBCCD00F7324D /* mama */,
				8EAD4A45271FBCCD00F7324D /* Products */,
			);
			sourceTree = "<group>";
		};
		8EAD4A45271FBCCD00F7324D /* Products */ = {
			isa = PBXGroup;
			children = (
				8EAD4A44271FBCCD00F7324D /* mama.app */,
			);
			name = Products;
			sourceTree = "<group>";
		};
		8EAD4A46271FBCCD00F7324D /* mama */ = {
			isa = PBXGroup;
			children = (
				8EAD4A47271FBCCD00F7324D /* AppDelegate.swift */,
				8EAD4A49271FBCCD00F7324D /* SceneDelegate.swift */,
				8EAD4A4B271FBCCD00F7324D /* ViewController.swift */,
				8EAD4A4D271FBCCD00F7324D /* Main.storyboard */,
				8EAD4A50271FBCCF00F7324D /* Assets.xcassets */,
				8EAD4A52271FBCCF00F7324D /* LaunchScreen.storyboard */,
				8EAD4A55271FBCCF00F7324D /* Info.plist */,
				8E59585827865BEB0065E131 /* StartController.swift */,
				8E59585A278664CA0065E131 /* ProgressBar.swift */,
				8E59585C278668B80065E131 /* FinalController.swift */,
			);
			path = mama;
			sourceTree = "<group>";
		};
/* End PBXGroup section */

/* Begin PBXNativeTarget section */
		8EAD4A43271FBCCD00F7324D /* mama */ = {
			isa = PBXNativeTarget;
			buildConfigurationList = 8EAD4A58271FBCCF00F7324D /* Build configuration list for PBXNativeTarget "mama" */;
			buildPhases = (
				8EAD4A40271FBCCD00F7324D /* Sources */,
				8EAD4A41271FBCCD00F7324D /* Frameworks */,
				8EAD4A42271FBCCD00F7324D /* Resources */,
			);
			buildRules = (
			);
			dependencies = (
			);
			name = mama;
			productName = mama;
			productReference = 8EAD4A44271FBCCD00F7324D /* mama.app */;
			productType = "com.apple.product-type.application";
		};
/* End PBXNativeTarget section */

/* Begin PBXProject section */
		8EAD4A3C271FBCCD00F7324D /* Project object */ = {
			isa = PBXProject;
			attributes = {
				BuildIndependentTargetsInParallel = 1;
				LastSwiftUpdateCheck = 1300;
				LastUpgradeCheck = 1300;
				TargetAttributes = {
					8EAD4A43271FBCCD00F7324D = {
						CreatedOnToolsVersion = 13.0;
					};
				};
			};
			buildConfigurationList = 8EAD4A3F271FBCCD00F7324D /* Build configuration list for PBXProject "mama" */;
			compatibilityVersion = "Xcode 13.0";
			developmentRegion = en;
			hasScannedForEncodings = 0;
			knownRegions = (
				en,
				Base,
			);
			mainGroup = 8EAD4A3B271FBCCD00F7324D;
			productRefGroup = 8EAD4A45271FBCCD00F7324D /* Products */;
			projectDirPath = "";
			projectRoot = "";
			targets = (
				8EAD4A43271FBCCD00F7324D /* mama */,
			);
		};
/* End PBXProject section */

/* Begin PBXResourcesBuildPhase section */
		8EAD4A42271FBCCD00F7324D /* Resources */ = {
			isa = PBXResourcesBuildPhase;
			buildActionMask = 2147483647;
			files = (
				8EAD4A54271FBCCF00F7324D /* LaunchScreen.storyboard in Resources */,
				8EAD4A51271FBCCF00F7324D /* Assets.xcassets in Resources */,
				8EAD4A4F271FBCCD00F7324D /* Main.storyboard in Resources */,
			);
			runOnlyForDeploymentPostprocessing = 0;
		};
/* End PBXResourcesBuildPhase section */

/* Begin PBXSourcesBuildPhase section */
		8EAD4A40271FBCCD00F7324D /* Sources */ = {
			isa = PBXSourcesBuildPhase;
			buildActionMask = 2147483647;
			files = (
				8EAD4A4C271FBCCD00F7324D /* ViewController.swift in Sources */,
				8EAD4A48271FBCCD00F7324D /* AppDelegate.swift in Sources */,
				8E59585D278668B80065E131 /* FinalController.swift in Sources */,
				8E59585927865BEB0065E131 /* StartController.swift in Sources */,
				8E59585B278664CA0065E131 /* ProgressBar.swift in Sources */,
				8EAD4A4A271FBCCD00F7324D /* SceneDelegate.swift in Sources */,
			);
			runOnlyForDeploymentPostprocessing = 0;
		};
/* End PBXSourcesBuildPhase section */

/* Begin PBXVariantGroup section */
		8EAD4A4D271FBCCD00F7324D /* Main.storyboard */ = {
			isa = PBXVariantGroup;
			children = (
				8EAD4A4E271FBCCD00F7324D /* Base */,
			);
			name = Main.storyboard;
			sourceTree = "<group>";
		};
		8EAD4A52271FBCCF00F7324D /* LaunchScreen.storyboard */ = {
			isa = PBXVariantGroup;
			children = (
				8EAD4A53271FBCCF00F7324D /* Base */,
			);
			name = LaunchScreen.storyboard;
			sourceTree = "<group>";
		};
/* End PBXVariantGroup section */

/* Begin XCBuildConfiguration section */
		8EAD4A56271FBCCF00F7324D /* Debug */ = {
			isa = XCBuildConfiguration;
			buildSettings = {
				ALWAYS_SEARCH_USER_PATHS = NO;
				CLANG_ANALYZER_NONNULL = YES;
				CLANG_ANALYZER_NUMBER_OBJECT_CONVERSION = YES_AGGRESSIVE;
				CLANG_CXX_LANGUAGE_STANDARD = "gnu++17";
				CLANG_CXX_LIBRARY = "libc++";
				CLANG_ENABLE_MODULES = YES;
				CLANG_ENABLE_OBJC_ARC = YES;
				CLANG_ENABLE_OBJC_WEAK = YES;
				CLANG_WARN_BLOCK_CAPTURE_AUTORELEASING = YES;
				CLANG_WARN_BOOL_CONVERSION = YES;
				CLANG_WARN_COMMA = YES;
				CLANG_WARN_CONSTANT_CONVERSION = YES;
				CLANG_WARN_DEPRECATED_OBJC_IMPLEMENTATIONS = YES;
				CLANG_WARN_DIRECT_OBJC_ISA_USAGE = YES_ERROR;
				CLANG_WARN_DOCUMENTATION_COMMENTS = YES;
				CLANG_WARN_EMPTY_BODY = YES;
				CLANG_WARN_ENUM_CONVERSION = YES;
				CLANG_WARN_INFINITE_RECURSION = YES;
				CLANG_WARN_INT_CONVERSION = YES;
				CLANG_WARN_NON_LITERAL_NULL_CONVERSION = YES;
				CLANG_WARN_OBJC_IMPLICIT_RETAIN_SELF = YES;
				CLANG_WARN_OBJC_LITERAL_CONVERSION = YES;
				CLANG_WARN_OBJC_ROOT_CLASS = YES_ERROR;
				CLANG_WARN_QUOTED_INCLUDE_IN_FRAMEWORK_HEADER = YES;
				CLANG_WARN_RANGE_LOOP_ANALYSIS = YES;
				CLANG_WARN_STRICT_PROTOTYPES = YES;
				CLANG_WARN_SUSPICIOUS_MOVE = YES;
				CLANG_WARN_UNGUARDED_AVAILABILITY = YES_AGGRESSIVE;
				CLANG_WARN_UNREACHABLE_CODE = YES;
				CLANG_WARN__DUPLICATE_METHOD_MATCH = YES;
				COPY_PHASE_STRIP = NO;
				DEBUG_INFORMATION_FORMAT = dwarf;
				ENABLE_STRICT_OBJC_MSGSEND = YES;
				ENABLE_TESTABILITY = YES;
				GCC_C_LANGUAGE_STANDARD = gnu11;
				GCC_DYNAMIC_NO_PIC = NO;
				GCC_NO_COMMON_BLOCKS = YES;
				GCC_OPTIMIZATION_LEVEL = 0;
				GCC_PREPROCESSOR_DEFINITIONS = (
					"DEBUG=1",
					"$(inherited)",
				);
				GCC_WARN_64_TO_32_BIT_CONVERSION = YES;
				GCC_WARN_ABOUT_RETURN_TYPE = YES_ERROR;
				GCC_WARN_UNDECLARED_SELECTOR = YES;
				GCC_WARN_UNINITIALIZED_AUTOS = YES_AGGRESSIVE;
				GCC_WARN_UNUSED_FUNCTION = YES;
				GCC_WARN_UNUSED_VARIABLE = YES;
				IPHONEOS_DEPLOYMENT_TARGET = 15.0;
				MTL_ENABLE_DEBUG_INFO = INCLUDE_SOURCE;
				MTL_FAST_MATH = YES;
				ONLY_ACTIVE_ARCH = YES;
				SDKROOT = iphoneos;
				SWIFT_ACTIVE_COMPILATION_CONDITIONS = DEBUG;
				SWIFT_OPTIMIZATION_LEVEL = "-Onone";
			};
			name = Debug;
		};
		8EAD4A57271FBCCF00F7324D /* Release */ = {
			isa = XCBuildConfiguration;
			buildSettings = {
				ALWAYS_SEARCH_USER_PATHS = NO;
				CLANG_ANALYZER_NONNULL = YES;
				CLANG_ANALYZER_NUMBER_OBJECT_CONVERSION = YES_AGGRESSIVE;
				CLANG_CXX_LANGUAGE_STANDARD = "gnu++17";
				CLANG_CXX_LIBRARY = "libc++";
				CLANG_ENABLE_MODULES = YES;
				CLANG_ENABLE_OBJC_ARC = YES;
				CLANG_ENABLE_OBJC_WEAK = YES;
				CLANG_WARN_BLOCK_CAPTURE_AUTORELEASING = YES;
				CLANG_WARN_BOOL_CONVERSION = YES;
				CLANG_WARN_COMMA = YES;
				CLANG_WARN_CONSTANT_CONVERSION = YES;
				CLANG_WARN_DEPRECATED_OBJC_IMPLEMENTATIONS = YES;
				CLANG_WARN_DIRECT_OBJC_ISA_USAGE = YES_ERROR;
				CLANG_WARN_DOCUMENTATION_COMMENTS = YES;
				CLANG_WARN_EMPTY_BODY = YES;
				CLANG_WARN_ENUM_CONVERSION = YES;
				CLANG_WARN_INFINITE_RECURSION = YES;
				CLANG_WARN_INT_CONVERSION = YES;
				CLANG_WARN_NON_LITERAL_NULL_CONVERSION = YES;
				CLANG_WARN_OBJC_IMPLICIT_RETAIN_SELF = YES;
				CLANG_WARN_OBJC_LITERAL_CONVERSION = YES;
				CLANG_WARN_OBJC_ROOT_CLASS = YES_ERROR;
				CLANG_WARN_QUOTED_INCLUDE_IN_FRAMEWORK_HEADER = YES;
				CLANG_WARN_RANGE_LOOP_ANALYSIS = YES;
				CLANG_WARN_STRICT_PROTOTYPES = YES;
				CLANG_WARN_SUSPICIOUS_MOVE = YES;
				CLANG_WARN_UNGUARDED_AVAILABILITY = YES_AGGRESSIVE;
				CLANG_WARN_UNREACHABLE_CODE = YES;
				CLANG_WARN__DUPLICATE_METHOD_MATCH = YES;
				COPY_PHASE_STRIP = NO;
				DEBUG_INFORMATION_FORMAT = "dwarf-with-dsym";
				ENABLE_NS_ASSERTIONS = NO;
				ENABLE_STRICT_OBJC_MSGSEND = YES;
				GCC_C_LANGUAGE_STANDARD = gnu11;
				GCC_NO_COMMON_BLOCKS = YES;
				GCC_WARN_64_TO_32_BIT_CONVERSION = YES;
				GCC_WARN_ABOUT_RETURN_TYPE = YES_ERROR;
				GCC_WARN_UNDECLARED_SELECTOR = YES;
				GCC_WARN_UNINITIALIZED_AUTOS = YES_AGGRESSIVE;
				GCC_WARN_UNUSED_FUNCTION = YES;
				GCC_WARN_UNUSED_VARIABLE = YES;
				IPHONEOS_DEPLOYMENT_TARGET = 15.0;
				MTL_ENABLE_DEBUG_INFO = NO;
				MTL_FAST_MATH = YES;
				SDKROOT = iphoneos;
				SWIFT_COMPILATION_MODE = wholemodule;
				SWIFT_OPTIMIZATION_LEVEL = "-O";
				VALIDATE_PRODUCT = YES;
			};
			name = Release;
		};
		8EAD4A59271FBCCF00F7324D /* Debug */ = {
			isa = XCBuildConfiguration;
			buildSettings = {
				ASSETCATALOG_COMPILER_APPICON_NAME = AppIcon;
				ASSETCATALOG_COMPILER_GLOBAL_ACCENT_COLOR_NAME = AccentColor;
				CODE_SIGN_IDENTITY = "Apple Development";
				CODE_SIGN_STYLE = Automatic;
				CURRENT_PROJECT_VERSION = 1;
				DEVELOPMENT_TEAM = 8F2G8MA5WC;
				GENERATE_INFOPLIST_FILE = YES;
				INFOPLIST_FILE = mama/Info.plist;
				INFOPLIST_KEY_NSMicrophoneUsageDescription = "This app uses the microphone to recognize speech";
				INFOPLIST_KEY_NSSpeechRecognitionUsageDescription = "This app uses speech recognition for the function of the game";
				INFOPLIST_KEY_UIApplicationSupportsIndirectInputEvents = YES;
				INFOPLIST_KEY_UILaunchStoryboardName = LaunchScreen;
				INFOPLIST_KEY_UIMainStoryboardFile = Main;
				INFOPLIST_KEY_UISupportedInterfaceOrientations_iPad = "UIInterfaceOrientationPortrait UIInterfaceOrientationPortraitUpsideDown UIInterfaceOrientationLandscapeLeft UIInterfaceOrientationLandscapeRight";
				INFOPLIST_KEY_UISupportedInterfaceOrientations_iPhone = "UIInterfaceOrientationPortrait UIInterfaceOrientationLandscapeLeft UIInterfaceOrientationLandscapeRight";
				LD_RUNPATH_SEARCH_PATHS = (
					"$(inherited)",
					"@executable_path/Frameworks",
				);
				MARKETING_VERSION = 1.0;
				PRODUCT_BUNDLE_IDENTIFIER = com.tenself.mama;
				PRODUCT_NAME = "$(TARGET_NAME)";
				PROVISIONING_PROFILE_SPECIFIER = "";
				SWIFT_EMIT_LOC_STRINGS = YES;
				SWIFT_VERSION = 5.0;
				TARGETED_DEVICE_FAMILY = "1,2";
			};
			name = Debug;
		};
		8EAD4A5A271FBCCF00F7324D /* Release */ = {
			isa = XCBuildConfiguration;
			buildSettings = {
				ASSETCATALOG_COMPILER_APPICON_NAME = AppIcon;
				ASSETCATALOG_COMPILER_GLOBAL_ACCENT_COLOR_NAME = AccentColor;
				CODE_SIGN_IDENTITY = "Apple Development";
				CODE_SIGN_STYLE = Automatic;
				CURRENT_PROJECT_VERSION = 1;
				DEVELOPMENT_TEAM = 8F2G8MA5WC;
				GENERATE_INFOPLIST_FILE = YES;
				INFOPLIST_FILE = mama/Info.plist;
				INFOPLIST_KEY_NSMicrophoneUsageDescription = "This app uses the microphone to recognize speech";
				INFOPLIST_KEY_NSSpeechRecognitionUsageDescription = "This app uses speech recognition for the function of the game";
				INFOPLIST_KEY_UIApplicationSupportsIndirectInputEvents = YES;
				INFOPLIST_KEY_UILaunchStoryboardName = LaunchScreen;
				INFOPLIST_KEY_UIMainStoryboardFile = Main;
				INFOPLIST_KEY_UISupportedInterfaceOrientations_iPad = "UIInterfaceOrientationPortrait UIInterfaceOrientationPortraitUpsideDown UIInterfaceOrientationLandscapeLeft UIInterfaceOrientationLandscapeRight";
				INFOPLIST_KEY_UISupportedInterfaceOrientations_iPhone = "UIInterfaceOrientationPortrait UIInterfaceOrientationLandscapeLeft UIInterfaceOrientationLandscapeRight";
				LD_RUNPATH_SEARCH_PATHS = (
					"$(inherited)",
					"@executable_path/Frameworks",
				);
				MARKETING_VERSION = 1.0;
				PRODUCT_BUNDLE_IDENTIFIER = com.tenself.mama;
				PRODUCT_NAME = "$(TARGET_NAME)";
				PROVISIONING_PROFILE_SPECIFIER = "";
				SWIFT_EMIT_LOC_STRINGS = YES;
				SWIFT_VERSION = 5.0;
				TARGETED_DEVICE_FAMILY = "1,2";
			};
			name = Release;
		};
/* End XCBuildConfiguration section */

/* Begin XCConfigurationList section */
		8EAD4A3F271FBCCD00F7324D /* Build configuration list for PBXProject "mama" */ = {
			isa = XCConfigurationList;
			buildConfigurations = (
				8EAD4A56271FBCCF00F7324D /* Debug */,
				8EAD4A57271FBCCF00F7324D /* Release */,
			);
			defaultConfigurationIsVisible = 0;
			defaultConfigurationName = Release;
		};
		8EAD4A58271FBCCF00F7324D /* Build configuration list for PBXNativeTarget "mama" */ = {
			isa = XCConfigurationList;
			buildConfigurations = (
				8EAD4A59271FBCCF00F7324D /* Debug */,
				8EAD4A5A271FBCCF00F7324D /* Release */,
			);
			defaultConfigurationIsVisible = 0;
			defaultConfigurationName = Release;
		};
/* End XCConfigurationList section */
	};
	rootObject = 8EAD4A3C271FBCCD00F7324D /* Project object */;
}
